// !$*UTF8*$!
{
	archiveVersion = 1;
	classes = {
	};
	objectVersion = 50;
	objects = {

/* Begin PBXBuildFile section */
		3D17DD1522914D3100178E4E /* NoteList.swift in Sources */ = {isa = PBXBuildFile; fileRef = 3D17DD1422914D3100178E4E /* NoteList.swift */; };
		3D17DD172291591000178E4E /* NoteCreator.swift in Sources */ = {isa = PBXBuildFile; fileRef = 3D17DD162291591000178E4E /* NoteCreator.swift */; };
		3D4C6B29229006C1009FC2A8 /* AppDelegate.swift in Sources */ = {isa = PBXBuildFile; fileRef = 3D4C6B28229006C1009FC2A8 /* AppDelegate.swift */; };
		3D4C6B2B229006C1009FC2A8 /* NoteReader.swift in Sources */ = {isa = PBXBuildFile; fileRef = 3D4C6B2A229006C1009FC2A8 /* NoteReader.swift */; };
		3D4C6B2E229006C1009FC2A8 /* Main.storyboard in Resources */ = {isa = PBXBuildFile; fileRef = 3D4C6B2C229006C1009FC2A8 /* Main.storyboard */; };
		3D4C6B31229006C1009FC2A8 /* TestNoteEdit.xcdatamodeld in Sources */ = {isa = PBXBuildFile; fileRef = 3D4C6B2F229006C1009FC2A8 /* TestNoteEdit.xcdatamodeld */; };
		3D4C6B33229006CB009FC2A8 /* Assets.xcassets in Resources */ = {isa = PBXBuildFile; fileRef = 3D4C6B32229006CB009FC2A8 /* Assets.xcassets */; };
		3D4C6B36229006CB009FC2A8 /* LaunchScreen.storyboard in Resources */ = {isa = PBXBuildFile; fileRef = 3D4C6B34229006CB009FC2A8 /* LaunchScreen.storyboard */; };
		3D4C6B41229006CC009FC2A8 /* TestNoteEditTests.swift in Sources */ = {isa = PBXBuildFile; fileRef = 3D4C6B40229006CC009FC2A8 /* TestNoteEditTests.swift */; };
		3D4C6B4C229006CC009FC2A8 /* TestNoteEditUITests.swift in Sources */ = {isa = PBXBuildFile; fileRef = 3D4C6B4B229006CC009FC2A8 /* TestNoteEditUITests.swift */; };
		3D4C6B5A22903E94009FC2A8 /* Localizable.strings in Resources */ = {isa = PBXBuildFile; fileRef = 3D4C6B5922903E94009FC2A8 /* Localizable.strings */; };
		3D4C6B5C229046D1009FC2A8 /* Utilities.swift in Sources */ = {isa = PBXBuildFile; fileRef = 3D4C6B5B229046D1009FC2A8 /* Utilities.swift */; };
		3D4C6B5E22905B6E009FC2A8 /* NoteToolBar.xib in Resources */ = {isa = PBXBuildFile; fileRef = 3D4C6B5D22905B6E009FC2A8 /* NoteToolBar.xib */; };
/* End PBXBuildFile section */

/* Begin PBXContainerItemProxy section */
		3D4C6B3D229006CC009FC2A8 /* PBXContainerItemProxy */ = {
			isa = PBXContainerItemProxy;
			containerPortal = 3D4C6B1D229006C1009FC2A8 /* Project object */;
			proxyType = 1;
			remoteGlobalIDString = 3D4C6B24229006C1009FC2A8;
			remoteInfo = TestNoteEdit;
		};
		3D4C6B48229006CC009FC2A8 /* PBXContainerItemProxy */ = {
			isa = PBXContainerItemProxy;
			containerPortal = 3D4C6B1D229006C1009FC2A8 /* Project object */;
			proxyType = 1;
			remoteGlobalIDString = 3D4C6B24229006C1009FC2A8;
			remoteInfo = TestNoteEdit;
		};
/* End PBXContainerItemProxy section */

/* Begin PBXFileReference section */
		3D17DD1422914D3100178E4E /* NoteList.swift */ = {isa = PBXFileReference; lastKnownFileType = sourcecode.swift; path = NoteList.swift; sourceTree = "<group>"; };
		3D17DD162291591000178E4E /* NoteCreator.swift */ = {isa = PBXFileReference; lastKnownFileType = sourcecode.swift; path = NoteCreator.swift; sourceTree = "<group>"; };
		3D4C6B25229006C1009FC2A8 /* TestNoteEdit.app */ = {isa = PBXFileReference; explicitFileType = wrapper.application; includeInIndex = 0; path = TestNoteEdit.app; sourceTree = BUILT_PRODUCTS_DIR; };
		3D4C6B28229006C1009FC2A8 /* AppDelegate.swift */ = {isa = PBXFileReference; lastKnownFileType = sourcecode.swift; path = AppDelegate.swift; sourceTree = "<group>"; };
		3D4C6B2A229006C1009FC2A8 /* NoteReader.swift */ = {isa = PBXFileReference; lastKnownFileType = sourcecode.swift; path = NoteReader.swift; sourceTree = "<group>"; };
		3D4C6B2D229006C1009FC2A8 /* Base */ = {isa = PBXFileReference; lastKnownFileType = file.storyboard; name = Base; path = Base.lproj/Main.storyboard; sourceTree = "<group>"; };
		3D4C6B30229006C1009FC2A8 /* TestNoteEdit.xcdatamodel */ = {isa = PBXFileReference; lastKnownFileType = wrapper.xcdatamodel; path = TestNoteEdit.xcdatamodel; sourceTree = "<group>"; };
		3D4C6B32229006CB009FC2A8 /* Assets.xcassets */ = {isa = PBXFileReference; lastKnownFileType = folder.assetcatalog; path = Assets.xcassets; sourceTree = "<group>"; };
		3D4C6B35229006CB009FC2A8 /* Base */ = {isa = PBXFileReference; lastKnownFileType = file.storyboard; name = Base; path = Base.lproj/LaunchScreen.storyboard; sourceTree = "<group>"; };
		3D4C6B37229006CB009FC2A8 /* Info.plist */ = {isa = PBXFileReference; lastKnownFileType = text.plist.xml; path = Info.plist; sourceTree = "<group>"; };
		3D4C6B3C229006CC009FC2A8 /* TestNoteEditTests.xctest */ = {isa = PBXFileReference; explicitFileType = wrapper.cfbundle; includeInIndex = 0; path = TestNoteEditTests.xctest; sourceTree = BUILT_PRODUCTS_DIR; };
		3D4C6B40229006CC009FC2A8 /* TestNoteEditTests.swift */ = {isa = PBXFileReference; lastKnownFileType = sourcecode.swift; path = TestNoteEditTests.swift; sourceTree = "<group>"; };
		3D4C6B42229006CC009FC2A8 /* Info.plist */ = {isa = PBXFileReference; lastKnownFileType = text.plist.xml; path = Info.plist; sourceTree = "<group>"; };
		3D4C6B47229006CC009FC2A8 /* TestNoteEditUITests.xctest */ = {isa = PBXFileReference; explicitFileType = wrapper.cfbundle; includeInIndex = 0; path = TestNoteEditUITests.xctest; sourceTree = BUILT_PRODUCTS_DIR; };
		3D4C6B4B229006CC009FC2A8 /* TestNoteEditUITests.swift */ = {isa = PBXFileReference; lastKnownFileType = sourcecode.swift; path = TestNoteEditUITests.swift; sourceTree = "<group>"; };
		3D4C6B4D229006CC009FC2A8 /* Info.plist */ = {isa = PBXFileReference; lastKnownFileType = text.plist.xml; path = Info.plist; sourceTree = "<group>"; };
		3D4C6B5922903E94009FC2A8 /* Localizable.strings */ = {isa = PBXFileReference; lastKnownFileType = text.plist.strings; path = Localizable.strings; sourceTree = "<group>"; };
		3D4C6B5B229046D1009FC2A8 /* Utilities.swift */ = {isa = PBXFileReference; lastKnownFileType = sourcecode.swift; path = Utilities.swift; sourceTree = "<group>"; };
		3D4C6B5D22905B6E009FC2A8 /* NoteToolBar.xib */ = {isa = PBXFileReference; lastKnownFileType = file.xib; path = NoteToolBar.xib; sourceTree = "<group>"; };
/* End PBXFileReference section */

/* Begin PBXFrameworksBuildPhase section */
		3D4C6B22229006C1009FC2A8 /* Frameworks */ = {
			isa = PBXFrameworksBuildPhase;
			buildActionMask = 2147483647;
			files = (
			);
			runOnlyForDeploymentPostprocessing = 0;
		};
		3D4C6B39229006CC009FC2A8 /* Frameworks */ = {
			isa = PBXFrameworksBuildPhase;
			buildActionMask = 2147483647;
			files = (
			);
			runOnlyForDeploymentPostprocessing = 0;
		};
		3D4C6B44229006CC009FC2A8 /* Frameworks */ = {
			isa = PBXFrameworksBuildPhase;
			buildActionMask = 2147483647;
			files = (
			);
			runOnlyForDeploymentPostprocessing = 0;
		};
/* End PBXFrameworksBuildPhase section */

/* Begin PBXGroup section */
		3D4C6B1C229006C1009FC2A8 = {
			isa = PBXGroup;
			children = (
				3D4C6B27229006C1009FC2A8 /* TestNoteEdit */,
				3D4C6B3F229006CC009FC2A8 /* TestNoteEditTests */,
				3D4C6B4A229006CC009FC2A8 /* TestNoteEditUITests */,
				3D4C6B26229006C1009FC2A8 /* Products */,
			);
			sourceTree = "<group>";
		};
		3D4C6B26229006C1009FC2A8 /* Products */ = {
			isa = PBXGroup;
			children = (
				3D4C6B25229006C1009FC2A8 /* TestNoteEdit.app */,
				3D4C6B3C229006CC009FC2A8 /* TestNoteEditTests.xctest */,
				3D4C6B47229006CC009FC2A8 /* TestNoteEditUITests.xctest */,
			);
			name = Products;
			sourceTree = "<group>";
		};
		3D4C6B27229006C1009FC2A8 /* TestNoteEdit */ = {
			isa = PBXGroup;
			children = (
				3D4C6B28229006C1009FC2A8 /* AppDelegate.swift */,
				3D4C6B5B229046D1009FC2A8 /* Utilities.swift */,
				3D4C6B2A229006C1009FC2A8 /* NoteReader.swift */,
				3D17DD162291591000178E4E /* NoteCreator.swift */,
				3D17DD1422914D3100178E4E /* NoteList.swift */,
				3D4C6B2C229006C1009FC2A8 /* Main.storyboard */,
				3D4C6B5D22905B6E009FC2A8 /* NoteToolBar.xib */,
				3D4C6B32229006CB009FC2A8 /* Assets.xcassets */,
				3D4C6B34229006CB009FC2A8 /* LaunchScreen.storyboard */,
				3D4C6B37229006CB009FC2A8 /* Info.plist */,
				3D4C6B2F229006C1009FC2A8 /* TestNoteEdit.xcdatamodeld */,
				3D4C6B5922903E94009FC2A8 /* Localizable.strings */,
			);
			path = TestNoteEdit;
			sourceTree = "<group>";
		};
		3D4C6B3F229006CC009FC2A8 /* TestNoteEditTests */ = {
			isa = PBXGroup;
			children = (
				3D4C6B40229006CC009FC2A8 /* TestNoteEditTests.swift */,
				3D4C6B42229006CC009FC2A8 /* Info.plist */,
			);
			path = TestNoteEditTests;
			sourceTree = "<group>";
		};
		3D4C6B4A229006CC009FC2A8 /* TestNoteEditUITests */ = {
			isa = PBXGroup;
			children = (
				3D4C6B4B229006CC009FC2A8 /* TestNoteEditUITests.swift */,
				3D4C6B4D229006CC009FC2A8 /* Info.plist */,
			);
			path = TestNoteEditUITests;
			sourceTree = "<group>";
		};
/* End PBXGroup section */

/* Begin PBXNativeTarget section */
		3D4C6B24229006C1009FC2A8 /* TestNoteEdit */ = {
			isa = PBXNativeTarget;
			buildConfigurationList = 3D4C6B50229006CC009FC2A8 /* Build configuration list for PBXNativeTarget "TestNoteEdit" */;
			buildPhases = (
				3D4C6B21229006C1009FC2A8 /* Sources */,
				3D4C6B22229006C1009FC2A8 /* Frameworks */,
				3D4C6B23229006C1009FC2A8 /* Resources */,
			);
			buildRules = (
			);
			dependencies = (
			);
			name = TestNoteEdit;
			productName = TestNoteEdit;
			productReference = 3D4C6B25229006C1009FC2A8 /* TestNoteEdit.app */;
			productType = "com.apple.product-type.application";
		};
		3D4C6B3B229006CC009FC2A8 /* TestNoteEditTests */ = {
			isa = PBXNativeTarget;
			buildConfigurationList = 3D4C6B53229006CC009FC2A8 /* Build configuration list for PBXNativeTarget "TestNoteEditTests" */;
			buildPhases = (
				3D4C6B38229006CC009FC2A8 /* Sources */,
				3D4C6B39229006CC009FC2A8 /* Frameworks */,
				3D4C6B3A229006CC009FC2A8 /* Resources */,
			);
			buildRules = (
			);
			dependencies = (
				3D4C6B3E229006CC009FC2A8 /* PBXTargetDependency */,
			);
			name = TestNoteEditTests;
			productName = TestNoteEditTests;
			productReference = 3D4C6B3C229006CC009FC2A8 /* TestNoteEditTests.xctest */;
			productType = "com.apple.product-type.bundle.unit-test";
		};
		3D4C6B46229006CC009FC2A8 /* TestNoteEditUITests */ = {
			isa = PBXNativeTarget;
			buildConfigurationList = 3D4C6B56229006CC009FC2A8 /* Build configuration list for PBXNativeTarget "TestNoteEditUITests" */;
			buildPhases = (
				3D4C6B43229006CC009FC2A8 /* Sources */,
				3D4C6B44229006CC009FC2A8 /* Frameworks */,
				3D4C6B45229006CC009FC2A8 /* Resources */,
			);
			buildRules = (
			);
			dependencies = (
				3D4C6B49229006CC009FC2A8 /* PBXTargetDependency */,
			);
			name = TestNoteEditUITests;
			productName = TestNoteEditUITests;
			productReference = 3D4C6B47229006CC009FC2A8 /* TestNoteEditUITests.xctest */;
			productType = "com.apple.product-type.bundle.ui-testing";
		};
/* End PBXNativeTarget section */

/* Begin PBXProject section */
		3D4C6B1D229006C1009FC2A8 /* Project object */ = {
			isa = PBXProject;
			attributes = {
				LastSwiftUpdateCheck = 1000;
				LastUpgradeCheck = 1000;
				ORGANIZATIONNAME = RYTheDev;
				TargetAttributes = {
					3D4C6B24229006C1009FC2A8 = {
						CreatedOnToolsVersion = 10.0;
					};
					3D4C6B3B229006CC009FC2A8 = {
						CreatedOnToolsVersion = 10.0;
						TestTargetID = 3D4C6B24229006C1009FC2A8;
					};
					3D4C6B46229006CC009FC2A8 = {
						CreatedOnToolsVersion = 10.0;
						TestTargetID = 3D4C6B24229006C1009FC2A8;
					};
				};
			};
			buildConfigurationList = 3D4C6B20229006C1009FC2A8 /* Build configuration list for PBXProject "TestNoteEdit" */;
			compatibilityVersion = "Xcode 9.3";
			developmentRegion = en;
			hasScannedForEncodings = 0;
			knownRegions = (
				en,
				Base,
			);
			mainGroup = 3D4C6B1C229006C1009FC2A8;
			productRefGroup = 3D4C6B26229006C1009FC2A8 /* Products */;
			projectDirPath = "";
			projectRoot = "";
			targets = (
				3D4C6B24229006C1009FC2A8 /* TestNoteEdit */,
				3D4C6B3B229006CC009FC2A8 /* TestNoteEditTests */,
				3D4C6B46229006CC009FC2A8 /* TestNoteEditUITests */,
			);
		};
/* End PBXProject section */

/* Begin PBXResourcesBuildPhase section */
		3D4C6B23229006C1009FC2A8 /* Resources */ = {
			isa = PBXResourcesBuildPhase;
			buildActionMask = 2147483647;
			files = (
				3D4C6B5E22905B6E009FC2A8 /* NoteToolBar.xib in Resources */,
				3D4C6B36229006CB009FC2A8 /* LaunchScreen.storyboard in Resources */,
				3D4C6B5A22903E94009FC2A8 /* Localizable.strings in Resources */,
				3D4C6B33229006CB009FC2A8 /* Assets.xcassets in Resources */,
				3D4C6B2E229006C1009FC2A8 /* Main.storyboard in Resources */,
			);
			runOnlyForDeploymentPostprocessing = 0;
		};
		3D4C6B3A229006CC009FC2A8 /* Resources */ = {
			isa = PBXResourcesBuildPhase;
			buildActionMask = 2147483647;
			files = (
			);
			runOnlyForDeploymentPostprocessing = 0;
		};
		3D4C6B45229006CC009FC2A8 /* Resources */ = {
			isa = PBXResourcesBuildPhase;
			buildActionMask = 2147483647;
			files = (
			);
			runOnlyForDeploymentPostprocessing = 0;
		};
/* End PBXResourcesBuildPhase section */

/* Begin PBXSourcesBuildPhase section */
		3D4C6B21229006C1009FC2A8 /* Sources */ = {
			isa = PBXSourcesBuildPhase;
			buildActionMask = 2147483647;
			files = (
				3D17DD172291591000178E4E /* NoteCreator.swift in Sources */,
				3D4C6B2B229006C1009FC2A8 /* NoteReader.swift in Sources */,
				3D4C6B29229006C1009FC2A8 /* AppDelegate.swift in Sources */,
				3D4C6B5C229046D1009FC2A8 /* Utilities.swift in Sources */,
				3D4C6B31229006C1009FC2A8 /* TestNoteEdit.xcdatamodeld in Sources */,
				3D17DD1522914D3100178E4E /* NoteList.swift in Sources */,
			);
			runOnlyForDeploymentPostprocessing = 0;
		};
		3D4C6B38229006CC009FC2A8 /* Sources */ = {
			isa = PBXSourcesBuildPhase;
			buildActionMask = 2147483647;
			files = (
				3D4C6B41229006CC009FC2A8 /* TestNoteEditTests.swift in Sources */,
			);
			runOnlyForDeploymentPostprocessing = 0;
		};
		3D4C6B43229006CC009FC2A8 /* Sources */ = {
			isa = PBXSourcesBuildPhase;
			buildActionMask = 2147483647;
			files = (
				3D4C6B4C229006CC009FC2A8 /* TestNoteEditUITests.swift in Sources */,
			);
			runOnlyForDeploymentPostprocessing = 0;
		};
/* End PBXSourcesBuildPhase section */

/* Begin PBXTargetDependency section */
		3D4C6B3E229006CC009FC2A8 /* PBXTargetDependency */ = {
			isa = PBXTargetDependency;
			target = 3D4C6B24229006C1009FC2A8 /* TestNoteEdit */;
			targetProxy = 3D4C6B3D229006CC009FC2A8 /* PBXContainerItemProxy */;
		};
		3D4C6B49229006CC009FC2A8 /* PBXTargetDependency */ = {
			isa = PBXTargetDependency;
			target = 3D4C6B24229006C1009FC2A8 /* TestNoteEdit */;
			targetProxy = 3D4C6B48229006CC009FC2A8 /* PBXContainerItemProxy */;
		};
/* End PBXTargetDependency section */

/* Begin PBXVariantGroup section */
		3D4C6B2C229006C1009FC2A8 /* Main.storyboard */ = {
			isa = PBXVariantGroup;
			children = (
				3D4C6B2D229006C1009FC2A8 /* Base */,
			);
			name = Main.storyboard;
			sourceTree = "<group>";
		};
		3D4C6B34229006CB009FC2A8 /* LaunchScreen.storyboard */ = {
			isa = PBXVariantGroup;
			children = (
				3D4C6B35229006CB009FC2A8 /* Base */,
			);
			name = LaunchScreen.storyboard;
			sourceTree = "<group>";
		};
/* End PBXVariantGroup section */

/* Begin XCBuildConfiguration section */
		3D4C6B4E229006CC009FC2A8 /* Debug */ = {
			isa = XCBuildConfiguration;
			buildSettings = {
				ALWAYS_SEARCH_USER_PATHS = NO;
				CLANG_ANALYZER_NONNULL = YES;
				CLANG_ANALYZER_NUMBER_OBJECT_CONVERSION = YES_AGGRESSIVE;
				CLANG_CXX_LANGUAGE_STANDARD = "gnu++14";
				CLANG_CXX_LIBRARY = "libc++";
				CLANG_ENABLE_MODULES = YES;
				CLANG_ENABLE_OBJC_ARC = YES;
				CLANG_ENABLE_OBJC_WEAK = YES;
				CLANG_WARN_BLOCK_CAPTURE_AUTORELEASING = YES;
				CLANG_WARN_BOOL_CONVERSION = YES;
				CLANG_WARN_COMMA = YES;
				CLANG_WARN_CONSTANT_CONVERSION = YES;
				CLANG_WARN_DEPRECATED_OBJC_IMPLEMENTATIONS = YES;
				CLANG_WARN_DIRECT_OBJC_ISA_USAGE = YES_ERROR;
				CLANG_WARN_DOCUMENTATION_COMMENTS = YES;
				CLANG_WARN_EMPTY_BODY = YES;
				CLANG_WARN_ENUM_CONVERSION = YES;
				CLANG_WARN_INFINITE_RECURSION = YES;
				CLANG_WARN_INT_CONVERSION = YES;
				CLANG_WARN_NON_LITERAL_NULL_CONVERSION = YES;
				CLANG_WARN_OBJC_IMPLICIT_RETAIN_SELF = YES;
				CLANG_WARN_OBJC_LITERAL_CONVERSION = YES;
				CLANG_WARN_OBJC_ROOT_CLASS = YES_ERROR;
				CLANG_WARN_RANGE_LOOP_ANALYSIS = YES;
				CLANG_WARN_STRICT_PROTOTYPES = YES;
				CLANG_WARN_SUSPICIOUS_MOVE = YES;
				CLANG_WARN_UNGUARDED_AVAILABILITY = YES_AGGRESSIVE;
				CLANG_WARN_UNREACHABLE_CODE = YES;
				CLANG_WARN__DUPLICATE_METHOD_MATCH = YES;
				CODE_SIGN_IDENTITY = "iPhone Developer";
				COPY_PHASE_STRIP = NO;
				DEBUG_INFORMATION_FORMAT = dwarf;
				ENABLE_STRICT_OBJC_MSGSEND = YES;
				ENABLE_TESTABILITY = YES;
				GCC_C_LANGUAGE_STANDARD = gnu11;
				GCC_DYNAMIC_NO_PIC = NO;
				GCC_NO_COMMON_BLOCKS = YES;
				GCC_OPTIMIZATION_LEVEL = 0;
				GCC_PREPROCESSOR_DEFINITIONS = (
					"DEBUG=1",
					"$(inherited)",
				);
				GCC_WARN_64_TO_32_BIT_CONVERSION = YES;
				GCC_WARN_ABOUT_RETURN_TYPE = YES_ERROR;
				GCC_WARN_UNDECLARED_SELECTOR = YES;
				GCC_WARN_UNINITIALIZED_AUTOS = YES_AGGRESSIVE;
				GCC_WARN_UNUSED_FUNCTION = YES;
				GCC_WARN_UNUSED_VARIABLE = YES;
				IPHONEOS_DEPLOYMENT_TARGET = 12.0;
				MTL_ENABLE_DEBUG_INFO = INCLUDE_SOURCE;
				MTL_FAST_MATH = YES;
				ONLY_ACTIVE_ARCH = YES;
				SDKROOT = iphoneos;
				SWIFT_ACTIVE_COMPILATION_CONDITIONS = DEBUG;
				SWIFT_OPTIMIZATION_LEVEL = "-Onone";
			};
			name = Debug;
		};
		3D4C6B4F229006CC009FC2A8 /* Release */ = {
			isa = XCBuildConfiguration;
			buildSettings = {
				ALWAYS_SEARCH_USER_PATHS = NO;
				CLANG_ANALYZER_NONNULL = YES;
				CLANG_ANALYZER_NUMBER_OBJECT_CONVERSION = YES_AGGRESSIVE;
				CLANG_CXX_LANGUAGE_STANDARD = "gnu++14";
				CLANG_CXX_LIBRARY = "libc++";
				CLANG_ENABLE_MODULES = YES;
				CLANG_ENABLE_OBJC_ARC = YES;
				CLANG_ENABLE_OBJC_WEAK = YES;
				CLANG_WARN_BLOCK_CAPTURE_AUTORELEASING = YES;
				CLANG_WARN_BOOL_CONVERSION = YES;
				CLANG_WARN_COMMA = YES;
				CLANG_WARN_CONSTANT_CONVERSION = YES;
				CLANG_WARN_DEPRECATED_OBJC_IMPLEMENTATIONS = YES;
				CLANG_WARN_DIRECT_OBJC_ISA_USAGE = YES_ERROR;
				CLANG_WARN_DOCUMENTATION_COMMENTS = YES;
				CLANG_WARN_EMPTY_BODY = YES;
				CLANG_WARN_ENUM_CONVERSION = YES;
				CLANG_WARN_INFINITE_RECURSION = YES;
				CLANG_WARN_INT_CONVERSION = YES;
				CLANG_WARN_NON_LITERAL_NULL_CONVERSION = YES;
				CLANG_WARN_OBJC_IMPLICIT_RETAIN_SELF = YES;
				CLANG_WARN_OBJC_LITERAL_CONVERSION = YES;
				CLANG_WARN_OBJC_ROOT_CLASS = YES_ERROR;
				CLANG_WARN_RANGE_LOOP_ANALYSIS = YES;
				CLANG_WARN_STRICT_PROTOTYPES = YES;
				CLANG_WARN_SUSPICIOUS_MOVE = YES;
				CLANG_WARN_UNGUARDED_AVAILABILITY = YES_AGGRESSIVE;
				CLANG_WARN_UNREACHABLE_CODE = YES;
				CLANG_WARN__DUPLICATE_METHOD_MATCH = YES;
				CODE_SIGN_IDENTITY = "iPhone Developer";
				COPY_PHASE_STRIP = NO;
				DEBUG_INFORMATION_FORMAT = "dwarf-with-dsym";
				ENABLE_NS_ASSERTIONS = NO;
				ENABLE_STRICT_OBJC_MSGSEND = YES;
				GCC_C_LANGUAGE_STANDARD = gnu11;
				GCC_NO_COMMON_BLOCKS = YES;
				GCC_WARN_64_TO_32_BIT_CONVERSION = YES;
				GCC_WARN_ABOUT_RETURN_TYPE = YES_ERROR;
				GCC_WARN_UNDECLARED_SELECTOR = YES;
				GCC_WARN_UNINITIALIZED_AUTOS = YES_AGGRESSIVE;
				GCC_WARN_UNUSED_FUNCTION = YES;
				GCC_WARN_UNUSED_VARIABLE = YES;
				IPHONEOS_DEPLOYMENT_TARGET = 12.0;
				MTL_ENABLE_DEBUG_INFO = NO;
				MTL_FAST_MATH = YES;
				SDKROOT = iphoneos;
				SWIFT_COMPILATION_MODE = wholemodule;
				SWIFT_OPTIMIZATION_LEVEL = "-O";
				VALIDATE_PRODUCT = YES;
			};
			name = Release;
		};
		3D4C6B51229006CC009FC2A8 /* Debug */ = {
			isa = XCBuildConfiguration;
			buildSettings = {
				ASSETCATALOG_COMPILER_APPICON_NAME = AppIcon;
				CODE_SIGN_STYLE = Automatic;
				DEVELOPMENT_TEAM = LFEB8D2Q4T;
				INFOPLIST_FILE = TestNoteEdit/Info.plist;
				LD_RUNPATH_SEARCH_PATHS = (
					"$(inherited)",
					"@executable_path/Frameworks",
				);
				PRODUCT_BUNDLE_IDENTIFIER = com.RYTheDev.TestNoteEdit;
				PRODUCT_NAME = "$(TARGET_NAME)";
				SWIFT_VERSION = 4.2;
				TARGETED_DEVICE_FAMILY = "1,2";
			};
			name = Debug;
		};
		3D4C6B52229006CC009FC2A8 /* Release */ = {
			isa = XCBuildConfiguration;
			buildSettings = {
				ASSETCATALOG_COMPILER_APPICON_NAME = AppIcon;
				CODE_SIGN_STYLE = Automatic;
				DEVELOPMENT_TEAM = LFEB8D2Q4T;
				INFOPLIST_FILE = TestNoteEdit/Info.plist;
				LD_RUNPATH_SEARCH_PATHS = (
					"$(inherited)",
					"@executable_path/Frameworks",
				);
				PRODUCT_BUNDLE_IDENTIFIER = com.RYTheDev.TestNoteEdit;
				PRODUCT_NAME = "$(TARGET_NAME)";
				SWIFT_VERSION = 4.2;
				TARGETED_DEVICE_FAMILY = "1,2";
			};
			name = Release;
		};
		3D4C6B54229006CC009FC2A8 /* Debug */ = {
			isa = XCBuildConfiguration;
			buildSettings = {
				ALWAYS_EMBED_SWIFT_STANDARD_LIBRARIES = YES;
				BUNDLE_LOADER = "$(TEST_HOST)";
				CODE_SIGN_STYLE = Automatic;
				DEVELOPMENT_TEAM = LFEB8D2Q4T;
				INFOPLIST_FILE = TestNoteEditTests/Info.plist;
				LD_RUNPATH_SEARCH_PATHS = (
					"$(inherited)",
					"@executable_path/Frameworks",
					"@loader_path/Frameworks",
				);
				PRODUCT_BUNDLE_IDENTIFIER = com.RYTheDev.TestNoteEditTests;
				PRODUCT_NAME = "$(TARGET_NAME)";
				SWIFT_VERSION = 4.2;
				TARGETED_DEVICE_FAMILY = "1,2";
				TEST_HOST = "$(BUILT_PRODUCTS_DIR)/TestNoteEdit.app/TestNoteEdit";
			};
			name = Debug;
		};
		3D4C6B55229006CC009FC2A8 /* Release */ = {
			isa = XCBuildConfiguration;
			buildSettings = {
				ALWAYS_EMBED_SWIFT_STANDARD_LIBRARIES = YES;
				BUNDLE_LOADER = "$(TEST_HOST)";
				CODE_SIGN_STYLE = Automatic;
				DEVELOPMENT_TEAM = LFEB8D2Q4T;
				INFOPLIST_FILE = TestNoteEditTests/Info.plist;
				LD_RUNPATH_SEARCH_PATHS = (
					"$(inherited)",
					"@executable_path/Frameworks",
					"@loader_path/Frameworks",
				);
				PRODUCT_BUNDLE_IDENTIFIER = com.RYTheDev.TestNoteEditTests;
				PRODUCT_NAME = "$(TARGET_NAME)";
				SWIFT_VERSION = 4.2;
				TARGETED_DEVICE_FAMILY = "1,2";
				TEST_HOST = "$(BUILT_PRODUCTS_DIR)/TestNoteEdit.app/TestNoteEdit";
			};
			name = Release;
		};
		3D4C6B57229006CC009FC2A8 /* Debug */ = {
			isa = XCBuildConfiguration;
			buildSettings = {
				ALWAYS_EMBED_SWIFT_STANDARD_LIBRARIES = YES;
				CODE_SIGN_STYLE = Automatic;
				DEVELOPMENT_TEAM = LFEB8D2Q4T;
				INFOPLIST_FILE = TestNoteEditUITests/Info.plist;
				LD_RUNPATH_SEARCH_PATHS = (
					"$(inherited)",
					"@executable_path/Frameworks",
					"@loader_path/Frameworks",
				);
				PRODUCT_BUNDLE_IDENTIFIER = com.RYTheDev.TestNoteEditUITests;
				PRODUCT_NAME = "$(TARGET_NAME)";
				SWIFT_VERSION = 4.2;
				TARGETED_DEVICE_FAMILY = "1,2";
				TEST_TARGET_NAME = TestNoteEdit;
			};
			name = Debug;
		};
		3D4C6B58229006CC009FC2A8 /* Release */ = {
			isa = XCBuildConfiguration;
			buildSettings = {
				ALWAYS_EMBED_SWIFT_STANDARD_LIBRARIES = YES;
				CODE_SIGN_STYLE = Automatic;
				DEVELOPMENT_TEAM = LFEB8D2Q4T;
				INFOPLIST_FILE = TestNoteEditUITests/Info.plist;
				LD_RUNPATH_SEARCH_PATHS = (
					"$(inherited)",
					"@executable_path/Frameworks",
					"@loader_path/Frameworks",
				);
				PRODUCT_BUNDLE_IDENTIFIER = com.RYTheDev.TestNoteEditUITests;
				PRODUCT_NAME = "$(TARGET_NAME)";
				SWIFT_VERSION = 4.2;
				TARGETED_DEVICE_FAMILY = "1,2";
				TEST_TARGET_NAME = TestNoteEdit;
			};
			name = Release;
		};
/* End XCBuildConfiguration section */

/* Begin XCConfigurationList section */
		3D4C6B20229006C1009FC2A8 /* Build configuration list for PBXProject "TestNoteEdit" */ = {
			isa = XCConfigurationList;
			buildConfigurations = (
				3D4C6B4E229006CC009FC2A8 /* Debug */,
				3D4C6B4F229006CC009FC2A8 /* Release */,
			);
			defaultConfigurationIsVisible = 0;
			defaultConfigurationName = Release;
		};
		3D4C6B50229006CC009FC2A8 /* Build configuration list for PBXNativeTarget "TestNoteEdit" */ = {
			isa = XCConfigurationList;
			buildConfigurations = (
				3D4C6B51229006CC009FC2A8 /* Debug */,
				3D4C6B52229006CC009FC2A8 /* Release */,
			);
			defaultConfigurationIsVisible = 0;
			defaultConfigurationName = Release;
		};
		3D4C6B53229006CC009FC2A8 /* Build configuration list for PBXNativeTarget "TestNoteEditTests" */ = {
			isa = XCConfigurationList;
			buildConfigurations = (
				3D4C6B54229006CC009FC2A8 /* Debug */,
				3D4C6B55229006CC009FC2A8 /* Release */,
			);
			defaultConfigurationIsVisible = 0;
			defaultConfigurationName = Release;
		};
		3D4C6B56229006CC009FC2A8 /* Build configuration list for PBXNativeTarget "TestNoteEditUITests" */ = {
			isa = XCConfigurationList;
			buildConfigurations = (
				3D4C6B57229006CC009FC2A8 /* Debug */,
				3D4C6B58229006CC009FC2A8 /* Release */,
			);
			defaultConfigurationIsVisible = 0;
			defaultConfigurationName = Release;
		};
/* End XCConfigurationList section */

/* Begin XCVersionGroup section */
		3D4C6B2F229006C1009FC2A8 /* TestNoteEdit.xcdatamodeld */ = {
			isa = XCVersionGroup;
			children = (
				3D4C6B30229006C1009FC2A8 /* TestNoteEdit.xcdatamodel */,
			);
			currentVersion = 3D4C6B30229006C1009FC2A8 /* TestNoteEdit.xcdatamodel */;
			path = TestNoteEdit.xcdatamodeld;
			sourceTree = "<group>";
			versionGroupType = wrapper.xcdatamodel;
		};
/* End XCVersionGroup section */
	};
	rootObject = 3D4C6B1D229006C1009FC2A8 /* Project object */;
}
